
Microsoft Visual Studio Solution File, Format Version 12.00
# Visual Studio Version 17
VisualStudioVersion = 17.1.32319.34
MinimumVisualStudioVersion = 10.0.40219.1
Project("{9A19103F-16F7-4668-BE54-9A1E7A4F7556}") = "TermoSolver", "TermoSolver\TermoSolver.csproj", "{14BC1E92-9D08-4304-823F-DFF3E9B793A7}"
EndProject
Project("{9A19103F-16F7-4668-BE54-9A1E7A4F7556}") = "TermoSolver.UnitTests", "TermoSolver.UnitTests\TermoSolver.UnitTests.csproj", "{6D084F53-52BA-4750-9F48-9DC673511773}"
EndProject
Global
	GlobalSection(SolutionConfigurationPlatforms) = preSolution
		Debug|Any CPU = Debug|Any CPU
		Release|Any CPU = Release|Any CPU
	EndGlobalSection
	GlobalSection(ProjectConfigurationPlatforms) = postSolution
		{14BC1E92-9D08-4304-823F-DFF3E9B793A7}.Debug|Any CPU.ActiveCfg = Debug|Any CPU
		{14BC1E92-9D08-4304-823F-DFF3E9B793A7}.Debug|Any CPU.Build.0 = Debug|Any CPU
		{14BC1E92-9D08-4304-823F-DFF3E9B793A7}.Release|Any CPU.ActiveCfg = Release|Any CPU
		{14BC1E92-9D08-4304-823F-DFF3E9B793A7}.Release|Any CPU.Build.0 = Release|Any CPU
		{6D084F53-52BA-4750-9F48-9DC673511773}.Debug|Any CPU.ActiveCfg = Debug|Any CPU
		{6D084F53-52BA-4750-9F48-9DC673511773}.Debug|Any CPU.Build.0 = Debug|Any CPU
		{6D084F53-52BA-4750-9F48-9DC673511773}.Release|Any CPU.ActiveCfg = Release|Any CPU
		{6D084F53-52BA-4750-9F48-9DC673511773}.Release|Any CPU.Build.0 = Release|Any CPU
	EndGlobalSection
	GlobalSection(SolutionProperties) = preSolution
		HideSolutionNode = FALSE
	EndGlobalSection
	GlobalSection(ExtensibilityGlobals) = postSolution
		SolutionGuid = {DC507D12-864F-48AF-837F-58DF3048642F}
	EndGlobalSection
EndGlobal
